
Microsoft Visual Studio Solution File, Format Version 12.00
# Visual Studio Version 16
VisualStudioVersion = 16.0.32407.337
MinimumVisualStudioVersion = 10.0.40219.1
Project("{FAE04EC0-301F-11D3-BF4B-00C04F79EFBC}") = "SimpleMove", "SimpleMove.csproj", "{B508412C-D978-4E8C-A8EB-AE689008A822}"
EndProject
Project("{FAE04EC0-301F-11D3-BF4B-00C04F79EFBC}") = "SImpleMoveTest", "..\SImpleMoveTest\SImpleMoveTest.csproj", "{5FB42EE3-9D17-446B-904F-D88DEFC93249}"
EndProject
Global
	GlobalSection(SolutionConfigurationPlatforms) = preSolution
		Debug|Any CPU = Debug|Any CPU
		Release|Any CPU = Release|Any CPU
	EndGlobalSection
	GlobalSection(ProjectConfigurationPlatforms) = postSolution
		{B508412C-D978-4E8C-A8EB-AE689008A822}.Debug|Any CPU.ActiveCfg = Debug|Any CPU
		{B508412C-D978-4E8C-A8EB-AE689008A822}.Debug|Any CPU.Build.0 = Debug|Any CPU
		{B508412C-D978-4E8C-A8EB-AE689008A822}.Release|Any CPU.ActiveCfg = Release|Any CPU
		{B508412C-D978-4E8C-A8EB-AE689008A822}.Release|Any CPU.Build.0 = Release|Any CPU
		{5FB42EE3-9D17-446B-904F-D88DEFC93249}.Debug|Any CPU.ActiveCfg = Debug|Any CPU
		{5FB42EE3-9D17-446B-904F-D88DEFC93249}.Debug|Any CPU.Build.0 = Debug|Any CPU
		{5FB42EE3-9D17-446B-904F-D88DEFC93249}.Release|Any CPU.ActiveCfg = Release|Any CPU
		{5FB42EE3-9D17-446B-904F-D88DEFC93249}.Release|Any CPU.Build.0 = Release|Any CPU
	EndGlobalSection
	GlobalSection(SolutionProperties) = preSolution
		HideSolutionNode = FALSE
	EndGlobalSection
	GlobalSection(ExtensibilityGlobals) = postSolution
		SolutionGuid = {A4DC5F90-914E-409C-8FE9-5B4942105A90}
	EndGlobalSection
EndGlobal
